// !$*UTF8*$!
{
	archiveVersion = 1;
	classes = {
	};
	objectVersion = 56;
	objects = {

/* Begin PBXBuildFile section */
		6A08C1832944592B0044242B /* ControlBarView.swift in Sources */ = {isa = PBXBuildFile; fileRef = 6A08C1822944592B0044242B /* ControlBarView.swift */; };
		6A08C1852945E4320044242B /* SoundMixViewController.swift in Sources */ = {isa = PBXBuildFile; fileRef = 6A08C1842945E4320044242B /* SoundMixViewController.swift */; };
		6A08C1882945E4EC0044242B /* PanModal in Frameworks */ = {isa = PBXBuildFile; productRef = 6A08C1872945E4EC0044242B /* PanModal */; };
		6A08C18B2945FC3D0044242B /* SoundTableCell.swift in Sources */ = {isa = PBXBuildFile; fileRef = 6A08C18A2945FC3D0044242B /* SoundTableCell.swift */; };
		6A13859B2942410500615E0E /* AppDelegate.swift in Sources */ = {isa = PBXBuildFile; fileRef = 6A13859A2942410500615E0E /* AppDelegate.swift */; };
		6A13859D2942410500615E0E /* SceneDelegate.swift in Sources */ = {isa = PBXBuildFile; fileRef = 6A13859C2942410500615E0E /* SceneDelegate.swift */; };
		6A13859F2942410500615E0E /* MainViewController.swift in Sources */ = {isa = PBXBuildFile; fileRef = 6A13859E2942410500615E0E /* MainViewController.swift */; };
		6A1385A42942410500615E0E /* Assets.xcassets in Resources */ = {isa = PBXBuildFile; fileRef = 6A1385A32942410500615E0E /* Assets.xcassets */; };
		6A1385A72942410500615E0E /* LaunchScreen.storyboard in Resources */ = {isa = PBXBuildFile; fileRef = 6A1385A52942410500615E0E /* LaunchScreen.storyboard */; };
		6A1385D82942450300615E0E /* Poppins-Thin.ttf in Resources */ = {isa = PBXBuildFile; fileRef = 6A1385D72942450300615E0E /* Poppins-Thin.ttf */; };
		6A1385DA2942450B00615E0E /* Poppins-ExtraLight.ttf in Resources */ = {isa = PBXBuildFile; fileRef = 6A1385D92942450B00615E0E /* Poppins-ExtraLight.ttf */; };
		6A1385DC2942451400615E0E /* Poppins-Light.ttf in Resources */ = {isa = PBXBuildFile; fileRef = 6A1385DB2942451400615E0E /* Poppins-Light.ttf */; };
		6A1385DE2942451F00615E0E /* Poppins-Regular.ttf in Resources */ = {isa = PBXBuildFile; fileRef = 6A1385DD2942451F00615E0E /* Poppins-Regular.ttf */; };
		6A1385E02942452900615E0E /* Poppins-Medium.ttf in Resources */ = {isa = PBXBuildFile; fileRef = 6A1385DF2942452900615E0E /* Poppins-Medium.ttf */; };
		6A1385E22942453600615E0E /* Poppins-SemiBold.ttf in Resources */ = {isa = PBXBuildFile; fileRef = 6A1385E12942453600615E0E /* Poppins-SemiBold.ttf */; };
		6A1385E42942453F00615E0E /* Poppins-Bold.ttf in Resources */ = {isa = PBXBuildFile; fileRef = 6A1385E32942453F00615E0E /* Poppins-Bold.ttf */; };
		6A1385E72942464100615E0E /* UIFont+Ext.swift in Sources */ = {isa = PBXBuildFile; fileRef = 6A1385E62942464100615E0E /* UIFont+Ext.swift */; };
		6A1385E9294246F800615E0E /* README.md in Resources */ = {isa = PBXBuildFile; fileRef = 6A1385E8294246F800615E0E /* README.md */; };
		6A1385EC294249B900615E0E /* UILabel+Ext.swift in Sources */ = {isa = PBXBuildFile; fileRef = 6A1385EB294249B900615E0E /* UILabel+Ext.swift */; };
		6A1385EF29424A7C00615E0E /* SnapKit in Frameworks */ = {isa = PBXBuildFile; productRef = 6A1385EE29424A7C00615E0E /* SnapKit */; };
		6A1385F229424A8E00615E0E /* Then in Frameworks */ = {isa = PBXBuildFile; productRef = 6A1385F129424A8E00615E0E /* Then */; };
		6A1385F429424E6500615E0E /* TabBarController.swift in Sources */ = {isa = PBXBuildFile; fileRef = 6A1385F329424E6500615E0E /* TabBarController.swift */; };
		6A1385F729424FD200615E0E /* SettingViewController.swift in Sources */ = {isa = PBXBuildFile; fileRef = 6A1385F629424FD200615E0E /* SettingViewController.swift */; };
		6A1385FA2942523500615E0E /* MixViewController.swift in Sources */ = {isa = PBXBuildFile; fileRef = 6A1385F92942523500615E0E /* MixViewController.swift */; };
		6A1385FD29425A2100615E0E /* SoundItemModel.swift in Sources */ = {isa = PBXBuildFile; fileRef = 6A1385FC29425A2100615E0E /* SoundItemModel.swift */; };
		6A13860029425C8300615E0E /* ItemCell.swift in Sources */ = {isa = PBXBuildFile; fileRef = 6A1385FF29425C8300615E0E /* ItemCell.swift */; };
		6A13860229425FFA00615E0E /* MainViewModel.swift in Sources */ = {isa = PBXBuildFile; fileRef = 6A13860129425FFA00615E0E /* MainViewModel.swift */; };
		6A441365294A1B66001CD3DE /* MixViewModel.swift in Sources */ = {isa = PBXBuildFile; fileRef = 6A441364294A1B66001CD3DE /* MixViewModel.swift */; };
		6A441368294A23AC001CD3DE /* MixItemCell.swift in Sources */ = {isa = PBXBuildFile; fileRef = 6A441367294A23AC001CD3DE /* MixItemCell.swift */; };
		6A44136A294A2680001CD3DE /* ViewMix.swift in Sources */ = {isa = PBXBuildFile; fileRef = 6A441369294A2680001CD3DE /* ViewMix.swift */; };
		6A441372294F3910001CD3DE /* TimerPopUpViewController.swift in Sources */ = {isa = PBXBuildFile; fileRef = 6A441371294F3910001CD3DE /* TimerPopUpViewController.swift */; };
		6A441375294F63F2001CD3DE /* TimerPopUpViewModel.swift in Sources */ = {isa = PBXBuildFile; fileRef = 6A441374294F63F2001CD3DE /* TimerPopUpViewModel.swift */; };
		6A441379294F81BB001CD3DE /* TimerManager.swift in Sources */ = {isa = PBXBuildFile; fileRef = 6A441378294F81BB001CD3DE /* TimerManager.swift */; };
		6A44137B29514947001CD3DE /* UIColor+Ext.swift in Sources */ = {isa = PBXBuildFile; fileRef = 6A44137A29514947001CD3DE /* UIColor+Ext.swift */; };
		6A44137D29514D29001CD3DE /* UIView+Ext.swift in Sources */ = {isa = PBXBuildFile; fileRef = 6A44137C29514D29001CD3DE /* UIView+Ext.swift */; };
		6A44137F2951647B001CD3DE /* CALayer+Ext.swift in Sources */ = {isa = PBXBuildFile; fileRef = 6A44137E2951647B001CD3DE /* CALayer+Ext.swift */; };
		6A4413822951B2F5001CD3DE /* Localizable.strings in Resources */ = {isa = PBXBuildFile; fileRef = 6A4413842951B2F5001CD3DE /* Localizable.strings */; };
		6A4413872951B4DF001CD3DE /* String+Ext.swift in Sources */ = {isa = PBXBuildFile; fileRef = 6A4413862951B4DF001CD3DE /* String+Ext.swift */; };
		6A4413892951DB8D001CD3DE /* ControlMenuView.swift in Sources */ = {isa = PBXBuildFile; fileRef = 6A4413882951DB8D001CD3DE /* ControlMenuView.swift */; };
		6A44138B29531CC1001CD3DE /* UIImage+Ext.swift in Sources */ = {isa = PBXBuildFile; fileRef = 6A44138A29531CC1001CD3DE /* UIImage+Ext.swift */; };
		6A44138D29532280001CD3DE /* UIPreview+Ext.swift in Sources */ = {isa = PBXBuildFile; fileRef = 6A44138C29532280001CD3DE /* UIPreview+Ext.swift */; };
		6A8A8B212943306F00B4451C /* bird_sound.mp3 in Resources */ = {isa = PBXBuildFile; fileRef = 6A8A8B202943306F00B4451C /* bird_sound.mp3 */; };
		6A8A8B232943355C00B4451C /* highway_sound.mp3 in Resources */ = {isa = PBXBuildFile; fileRef = 6A8A8B222943355C00B4451C /* highway_sound.mp3 */; };
		6A8A8B2529433AB400B4451C /* SoundManager.swift in Sources */ = {isa = PBXBuildFile; fileRef = 6A8A8B2429433AB400B4451C /* SoundManager.swift */; };
		6A8A8B2729433D4600B4451C /* SoundStructures.swift in Sources */ = {isa = PBXBuildFile; fileRef = 6A8A8B2629433D4600B4451C /* SoundStructures.swift */; };
		6A8A8B2C294383B200B4451C /* water_sound.mp3 in Resources */ = {isa = PBXBuildFile; fileRef = 6A8A8B2B294383B200B4451C /* water_sound.mp3 */; };
		6AB61B212946D24600EEAEE8 /* SoundMixViewModel.swift in Sources */ = {isa = PBXBuildFile; fileRef = 6AB61B202946D24600EEAEE8 /* SoundMixViewModel.swift */; };
		6AB61B232946F1C500EEAEE8 /* ViewSoundMix.swift in Sources */ = {isa = PBXBuildFile; fileRef = 6AB61B222946F1C500EEAEE8 /* ViewSoundMix.swift */; };
		6AB61B272947532E00EEAEE8 /* VolumeData.swift in Sources */ = {isa = PBXBuildFile; fileRef = 6AB61B262947532E00EEAEE8 /* VolumeData.swift */; };
		6AB61B2A294979C000EEAEE8 /* Realm in Frameworks */ = {isa = PBXBuildFile; productRef = 6AB61B29294979C000EEAEE8 /* Realm */; };
		6AB61B2C294979C000EEAEE8 /* RealmSwift in Frameworks */ = {isa = PBXBuildFile; productRef = 6AB61B2B294979C000EEAEE8 /* RealmSwift */; };
		6AB61B2F29497AD200EEAEE8 /* SoundMix.swift in Sources */ = {isa = PBXBuildFile; fileRef = 6AB61B2E29497AD200EEAEE8 /* SoundMix.swift */; };
		F9410848391AB9DE9876657F /* Pods_Relaxing.framework in Frameworks */ = {isa = PBXBuildFile; fileRef = 2E553FBECA1709B25DB89D5E /* Pods_Relaxing.framework */; };
/* End PBXBuildFile section */

/* Begin PBXFileReference section */
		2E553FBECA1709B25DB89D5E /* Pods_Relaxing.framework */ = {isa = PBXFileReference; explicitFileType = wrapper.framework; includeInIndex = 0; path = Pods_Relaxing.framework; sourceTree = BUILT_PRODUCTS_DIR; };
		6A08C1822944592B0044242B /* ControlBarView.swift */ = {isa = PBXFileReference; lastKnownFileType = sourcecode.swift; path = ControlBarView.swift; sourceTree = "<group>"; };
		6A08C1842945E4320044242B /* SoundMixViewController.swift */ = {isa = PBXFileReference; lastKnownFileType = sourcecode.swift; path = SoundMixViewController.swift; sourceTree = "<group>"; };
		6A08C18A2945FC3D0044242B /* SoundTableCell.swift */ = {isa = PBXFileReference; lastKnownFileType = sourcecode.swift; path = SoundTableCell.swift; sourceTree = "<group>"; };
		6A1385972942410500615E0E /* Relaxing.app */ = {isa = PBXFileReference; explicitFileType = wrapper.application; includeInIndex = 0; path = Relaxing.app; sourceTree = BUILT_PRODUCTS_DIR; };
		6A13859A2942410500615E0E /* AppDelegate.swift */ = {isa = PBXFileReference; lastKnownFileType = sourcecode.swift; path = AppDelegate.swift; sourceTree = "<group>"; };
		6A13859C2942410500615E0E /* SceneDelegate.swift */ = {isa = PBXFileReference; lastKnownFileType = sourcecode.swift; path = SceneDelegate.swift; sourceTree = "<group>"; };
		6A13859E2942410500615E0E /* MainViewController.swift */ = {isa = PBXFileReference; lastKnownFileType = sourcecode.swift; path = MainViewController.swift; sourceTree = "<group>"; };
		6A1385A32942410500615E0E /* Assets.xcassets */ = {isa = PBXFileReference; lastKnownFileType = folder.assetcatalog; path = Assets.xcassets; sourceTree = "<group>"; };
		6A1385A62942410500615E0E /* Base */ = {isa = PBXFileReference; lastKnownFileType = file.storyboard; name = Base; path = Base.lproj/LaunchScreen.storyboard; sourceTree = "<group>"; };
		6A1385A82942410500615E0E /* Info.plist */ = {isa = PBXFileReference; lastKnownFileType = text.plist.xml; path = Info.plist; sourceTree = "<group>"; };
		6A1385D72942450300615E0E /* Poppins-Thin.ttf */ = {isa = PBXFileReference; lastKnownFileType = file; path = "Poppins-Thin.ttf"; sourceTree = "<group>"; };
		6A1385D92942450B00615E0E /* Poppins-ExtraLight.ttf */ = {isa = PBXFileReference; lastKnownFileType = file; path = "Poppins-ExtraLight.ttf"; sourceTree = "<group>"; };
		6A1385DB2942451400615E0E /* Poppins-Light.ttf */ = {isa = PBXFileReference; lastKnownFileType = file; path = "Poppins-Light.ttf"; sourceTree = "<group>"; };
		6A1385DD2942451F00615E0E /* Poppins-Regular.ttf */ = {isa = PBXFileReference; lastKnownFileType = file; path = "Poppins-Regular.ttf"; sourceTree = "<group>"; };
		6A1385DF2942452900615E0E /* Poppins-Medium.ttf */ = {isa = PBXFileReference; lastKnownFileType = file; path = "Poppins-Medium.ttf"; sourceTree = "<group>"; };
		6A1385E12942453600615E0E /* Poppins-SemiBold.ttf */ = {isa = PBXFileReference; lastKnownFileType = file; path = "Poppins-SemiBold.ttf"; sourceTree = "<group>"; };
		6A1385E32942453F00615E0E /* Poppins-Bold.ttf */ = {isa = PBXFileReference; lastKnownFileType = file; path = "Poppins-Bold.ttf"; sourceTree = "<group>"; };
		6A1385E62942464100615E0E /* UIFont+Ext.swift */ = {isa = PBXFileReference; lastKnownFileType = sourcecode.swift; path = "UIFont+Ext.swift"; sourceTree = "<group>"; };
		6A1385E8294246F800615E0E /* README.md */ = {isa = PBXFileReference; lastKnownFileType = net.daringfireball.markdown; path = README.md; sourceTree = "<group>"; };
		6A1385EB294249B900615E0E /* UILabel+Ext.swift */ = {isa = PBXFileReference; lastKnownFileType = sourcecode.swift; path = "UILabel+Ext.swift"; sourceTree = "<group>"; };
		6A1385F329424E6500615E0E /* TabBarController.swift */ = {isa = PBXFileReference; lastKnownFileType = sourcecode.swift; path = TabBarController.swift; sourceTree = "<group>"; };
		6A1385F629424FD200615E0E /* SettingViewController.swift */ = {isa = PBXFileReference; lastKnownFileType = sourcecode.swift; path = SettingViewController.swift; sourceTree = "<group>"; };
		6A1385F92942523500615E0E /* MixViewController.swift */ = {isa = PBXFileReference; lastKnownFileType = sourcecode.swift; path = MixViewController.swift; sourceTree = "<group>"; };
		6A1385FC29425A2100615E0E /* SoundItemModel.swift */ = {isa = PBXFileReference; lastKnownFileType = sourcecode.swift; path = SoundItemModel.swift; sourceTree = "<group>"; };
		6A1385FF29425C8300615E0E /* ItemCell.swift */ = {isa = PBXFileReference; lastKnownFileType = sourcecode.swift; path = ItemCell.swift; sourceTree = "<group>"; };
		6A13860129425FFA00615E0E /* MainViewModel.swift */ = {isa = PBXFileReference; lastKnownFileType = sourcecode.swift; path = MainViewModel.swift; sourceTree = "<group>"; };
		6A441364294A1B66001CD3DE /* MixViewModel.swift */ = {isa = PBXFileReference; lastKnownFileType = sourcecode.swift; path = MixViewModel.swift; sourceTree = "<group>"; };
		6A441367294A23AC001CD3DE /* MixItemCell.swift */ = {isa = PBXFileReference; lastKnownFileType = sourcecode.swift; path = MixItemCell.swift; sourceTree = "<group>"; };
		6A441369294A2680001CD3DE /* ViewMix.swift */ = {isa = PBXFileReference; lastKnownFileType = sourcecode.swift; path = ViewMix.swift; sourceTree = "<group>"; };
		6A441371294F3910001CD3DE /* TimerPopUpViewController.swift */ = {isa = PBXFileReference; lastKnownFileType = sourcecode.swift; path = TimerPopUpViewController.swift; sourceTree = "<group>"; };
		6A441374294F63F2001CD3DE /* TimerPopUpViewModel.swift */ = {isa = PBXFileReference; lastKnownFileType = sourcecode.swift; path = TimerPopUpViewModel.swift; sourceTree = "<group>"; };
		6A441378294F81BB001CD3DE /* TimerManager.swift */ = {isa = PBXFileReference; lastKnownFileType = sourcecode.swift; path = TimerManager.swift; sourceTree = "<group>"; };
		6A44137A29514947001CD3DE /* UIColor+Ext.swift */ = {isa = PBXFileReference; lastKnownFileType = sourcecode.swift; path = "UIColor+Ext.swift"; sourceTree = "<group>"; };
		6A44137C29514D29001CD3DE /* UIView+Ext.swift */ = {isa = PBXFileReference; lastKnownFileType = sourcecode.swift; path = "UIView+Ext.swift"; sourceTree = "<group>"; };
		6A44137E2951647B001CD3DE /* CALayer+Ext.swift */ = {isa = PBXFileReference; lastKnownFileType = sourcecode.swift; path = "CALayer+Ext.swift"; sourceTree = "<group>"; };
		6A4413832951B2F5001CD3DE /* en */ = {isa = PBXFileReference; lastKnownFileType = text.plist.strings; name = en; path = en.lproj/Localizable.strings; sourceTree = "<group>"; };
		6A4413852951B318001CD3DE /* ko */ = {isa = PBXFileReference; lastKnownFileType = text.plist.strings; name = ko; path = ko.lproj/Localizable.strings; sourceTree = "<group>"; };
		6A4413862951B4DF001CD3DE /* String+Ext.swift */ = {isa = PBXFileReference; lastKnownFileType = sourcecode.swift; path = "String+Ext.swift"; sourceTree = "<group>"; };
		6A4413882951DB8D001CD3DE /* ControlMenuView.swift */ = {isa = PBXFileReference; lastKnownFileType = sourcecode.swift; path = ControlMenuView.swift; sourceTree = "<group>"; };
		6A44138A29531CC1001CD3DE /* UIImage+Ext.swift */ = {isa = PBXFileReference; lastKnownFileType = sourcecode.swift; path = "UIImage+Ext.swift"; sourceTree = "<group>"; };
		6A44138C29532280001CD3DE /* UIPreview+Ext.swift */ = {isa = PBXFileReference; lastKnownFileType = sourcecode.swift; path = "UIPreview+Ext.swift"; sourceTree = "<group>"; };
		6A8A8B202943306F00B4451C /* bird_sound.mp3 */ = {isa = PBXFileReference; lastKnownFileType = audio.mp3; path = bird_sound.mp3; sourceTree = "<group>"; };
		6A8A8B222943355C00B4451C /* highway_sound.mp3 */ = {isa = PBXFileReference; lastKnownFileType = audio.mp3; path = highway_sound.mp3; sourceTree = "<group>"; };
		6A8A8B2429433AB400B4451C /* SoundManager.swift */ = {isa = PBXFileReference; lastKnownFileType = sourcecode.swift; path = SoundManager.swift; sourceTree = "<group>"; };
		6A8A8B2629433D4600B4451C /* SoundStructures.swift */ = {isa = PBXFileReference; lastKnownFileType = sourcecode.swift; path = SoundStructures.swift; sourceTree = "<group>"; };
		6A8A8B2B294383B200B4451C /* water_sound.mp3 */ = {isa = PBXFileReference; lastKnownFileType = audio.mp3; path = water_sound.mp3; sourceTree = "<group>"; };
		6AB61B202946D24600EEAEE8 /* SoundMixViewModel.swift */ = {isa = PBXFileReference; lastKnownFileType = sourcecode.swift; path = SoundMixViewModel.swift; sourceTree = "<group>"; };
		6AB61B222946F1C500EEAEE8 /* ViewSoundMix.swift */ = {isa = PBXFileReference; lastKnownFileType = sourcecode.swift; path = ViewSoundMix.swift; sourceTree = "<group>"; };
		6AB61B262947532E00EEAEE8 /* VolumeData.swift */ = {isa = PBXFileReference; lastKnownFileType = sourcecode.swift; path = VolumeData.swift; sourceTree = "<group>"; };
		6AB61B2E29497AD200EEAEE8 /* SoundMix.swift */ = {isa = PBXFileReference; lastKnownFileType = sourcecode.swift; path = SoundMix.swift; sourceTree = "<group>"; };
		9E4B3616D671C9123632A666 /* Pods-Relaxing.debug.xcconfig */ = {isa = PBXFileReference; includeInIndex = 1; lastKnownFileType = text.xcconfig; name = "Pods-Relaxing.debug.xcconfig"; path = "Target Support Files/Pods-Relaxing/Pods-Relaxing.debug.xcconfig"; sourceTree = "<group>"; };
		D18381B17A208381DBEDAE5F /* Pods-Relaxing.release.xcconfig */ = {isa = PBXFileReference; includeInIndex = 1; lastKnownFileType = text.xcconfig; name = "Pods-Relaxing.release.xcconfig"; path = "Target Support Files/Pods-Relaxing/Pods-Relaxing.release.xcconfig"; sourceTree = "<group>"; };
/* End PBXFileReference section */

/* Begin PBXFrameworksBuildPhase section */
		6A1385942942410500615E0E /* Frameworks */ = {
			isa = PBXFrameworksBuildPhase;
			buildActionMask = 2147483647;
			files = (
				6AB61B2C294979C000EEAEE8 /* RealmSwift in Frameworks */,
				6A08C1882945E4EC0044242B /* PanModal in Frameworks */,
				6A1385EF29424A7C00615E0E /* SnapKit in Frameworks */,
				6A1385F229424A8E00615E0E /* Then in Frameworks */,
				F9410848391AB9DE9876657F /* Pods_Relaxing.framework in Frameworks */,
				6AB61B2A294979C000EEAEE8 /* Realm in Frameworks */,
			);
			runOnlyForDeploymentPostprocessing = 0;
		};
/* End PBXFrameworksBuildPhase section */

/* Begin PBXGroup section */
		31CE3282A9299CF8BFD671CC /* Pods */ = {
			isa = PBXGroup;
			children = (
				9E4B3616D671C9123632A666 /* Pods-Relaxing.debug.xcconfig */,
				D18381B17A208381DBEDAE5F /* Pods-Relaxing.release.xcconfig */,
			);
			path = Pods;
			sourceTree = "<group>";
		};
		6A08C1892945F40F0044242B /* SoundMixView */ = {
			isa = PBXGroup;
			children = (
				6A08C1842945E4320044242B /* SoundMixViewController.swift */,
				6A08C18A2945FC3D0044242B /* SoundTableCell.swift */,
			);
			path = SoundMixView;
			sourceTree = "<group>";
		};
		6A13858E2942410500615E0E = {
			isa = PBXGroup;
			children = (
				6A1385E8294246F800615E0E /* README.md */,
				6A1385992942410500615E0E /* Relaxing */,
				6A1385982942410500615E0E /* Products */,
				31CE3282A9299CF8BFD671CC /* Pods */,
				F317A54C5AFCD1140F124B72 /* Frameworks */,
			);
			sourceTree = "<group>";
		};
		6A1385982942410500615E0E /* Products */ = {
			isa = PBXGroup;
			children = (
				6A1385972942410500615E0E /* Relaxing.app */,
			);
			name = Products;
			sourceTree = "<group>";
		};
		6A1385992942410500615E0E /* Relaxing */ = {
			isa = PBXGroup;
			children = (
				6A4413842951B2F5001CD3DE /* Localizable.strings */,
				6A8A8B1F2943306500B4451C /* Sounds */,
				6A1385B22942425F00615E0E /* Font */,
				6A1385B12942425800615E0E /* Extension */,
				6A1385B02942424C00615E0E /* Model */,
				6A1385AF2942424400615E0E /* View */,
				6A1385AE2942423B00615E0E /* ViewModel */,
				6A13859A2942410500615E0E /* AppDelegate.swift */,
				6A13859C2942410500615E0E /* SceneDelegate.swift */,
				6A1385A32942410500615E0E /* Assets.xcassets */,
				6A1385A52942410500615E0E /* LaunchScreen.storyboard */,
				6A1385A82942410500615E0E /* Info.plist */,
				6A8A8B28294352A100B4451C /* SoundManager */,
				6A441376294F8190001CD3DE /* TimerManager */,
			);
			path = Relaxing;
			sourceTree = "<group>";
		};
		6A1385AE2942423B00615E0E /* ViewModel */ = {
			isa = PBXGroup;
			children = (
				6A441373294F63DB001CD3DE /* TimerPopUp */,
				6A441363294A1B55001CD3DE /* Mix */,
				6AB61B242946F1FB00EEAEE8 /* Main */,
				6AB61B252946F20800EEAEE8 /* SoundMix */,
			);
			path = ViewModel;
			sourceTree = "<group>";
		};
		6A1385AF2942424400615E0E /* View */ = {
			isa = PBXGroup;
			children = (
				6A1385F329424E6500615E0E /* TabBarController.swift */,
				6A1385F529424FBD00615E0E /* Main */,
				6A1385FB2942523800615E0E /* Mix */,
				6A1385F829424FEA00615E0E /* Setting */,
			);
			path = View;
			sourceTree = "<group>";
		};
		6A1385B02942424C00615E0E /* Model */ = {
			isa = PBXGroup;
			children = (
				6AB61B2D29497A9C00EEAEE8 /* Realm */,
				6A1385FC29425A2100615E0E /* SoundItemModel.swift */,
				6AB61B262947532E00EEAEE8 /* VolumeData.swift */,
			);
			path = Model;
			sourceTree = "<group>";
		};
		6A1385B12942425800615E0E /* Extension */ = {
			isa = PBXGroup;
			children = (
				6A1385E62942464100615E0E /* UIFont+Ext.swift */,
				6A1385EB294249B900615E0E /* UILabel+Ext.swift */,
				6A44137A29514947001CD3DE /* UIColor+Ext.swift */,
				6A44137C29514D29001CD3DE /* UIView+Ext.swift */,
				6A44137E2951647B001CD3DE /* CALayer+Ext.swift */,
				6A4413862951B4DF001CD3DE /* String+Ext.swift */,
				6A44138A29531CC1001CD3DE /* UIImage+Ext.swift */,
				6A44138C29532280001CD3DE /* UIPreview+Ext.swift */,
			);
			path = Extension;
			sourceTree = "<group>";
		};
		6A1385B22942425F00615E0E /* Font */ = {
			isa = PBXGroup;
			children = (
				6A1385E52942461C00615E0E /* Poppins */,
			);
			path = Font;
			sourceTree = "<group>";
		};
		6A1385E52942461C00615E0E /* Poppins */ = {
			isa = PBXGroup;
			children = (
				6A1385D72942450300615E0E /* Poppins-Thin.ttf */,
				6A1385D92942450B00615E0E /* Poppins-ExtraLight.ttf */,
				6A1385DB2942451400615E0E /* Poppins-Light.ttf */,
				6A1385DD2942451F00615E0E /* Poppins-Regular.ttf */,
				6A1385DF2942452900615E0E /* Poppins-Medium.ttf */,
				6A1385E12942453600615E0E /* Poppins-SemiBold.ttf */,
				6A1385E32942453F00615E0E /* Poppins-Bold.ttf */,
			);
			path = Poppins;
			sourceTree = "<group>";
		};
		6A1385F529424FBD00615E0E /* Main */ = {
			isa = PBXGroup;
			children = (
				6A13859E2942410500615E0E /* MainViewController.swift */,
				6A08C1822944592B0044242B /* ControlBarView.swift */,
				6A4413882951DB8D001CD3DE /* ControlMenuView.swift */,
				6A08C1892945F40F0044242B /* SoundMixView */,
				6A441370294F38C7001CD3DE /* Timer */,
				6A1385FE29425C7500615E0E /* Cell */,
			);
			path = Main;
			sourceTree = "<group>";
		};
		6A1385F829424FEA00615E0E /* Setting */ = {
			isa = PBXGroup;
			children = (
				6A1385F629424FD200615E0E /* SettingViewController.swift */,
			);
			path = Setting;
			sourceTree = "<group>";
		};
		6A1385FB2942523800615E0E /* Mix */ = {
			isa = PBXGroup;
			children = (
				6A1385F92942523500615E0E /* MixViewController.swift */,
				6A441366294A239B001CD3DE /* Cell */,
			);
			path = Mix;
			sourceTree = "<group>";
		};
		6A1385FE29425C7500615E0E /* Cell */ = {
			isa = PBXGroup;
			children = (
				6A1385FF29425C8300615E0E /* ItemCell.swift */,
			);
			path = Cell;
			sourceTree = "<group>";
		};
		6A441363294A1B55001CD3DE /* Mix */ = {
			isa = PBXGroup;
			children = (
				6A441369294A2680001CD3DE /* ViewMix.swift */,
				6A441364294A1B66001CD3DE /* MixViewModel.swift */,
			);
			path = Mix;
			sourceTree = "<group>";
		};
		6A441366294A239B001CD3DE /* Cell */ = {
			isa = PBXGroup;
			children = (
				6A441367294A23AC001CD3DE /* MixItemCell.swift */,
			);
			path = Cell;
			sourceTree = "<group>";
		};
		6A441370294F38C7001CD3DE /* Timer */ = {
			isa = PBXGroup;
			children = (
				6A441371294F3910001CD3DE /* TimerPopUpViewController.swift */,
			);
			path = Timer;
			sourceTree = "<group>";
		};
		6A441373294F63DB001CD3DE /* TimerPopUp */ = {
			isa = PBXGroup;
			children = (
				6A441374294F63F2001CD3DE /* TimerPopUpViewModel.swift */,
			);
			path = TimerPopUp;
			sourceTree = "<group>";
		};
		6A441376294F8190001CD3DE /* TimerManager */ = {
			isa = PBXGroup;
			children = (
				6A441378294F81BB001CD3DE /* TimerManager.swift */,
			);
			path = TimerManager;
			sourceTree = "<group>";
		};
		6A8A8B1F2943306500B4451C /* Sounds */ = {
			isa = PBXGroup;
			children = (
				6A8A8B202943306F00B4451C /* bird_sound.mp3 */,
				6A8A8B222943355C00B4451C /* highway_sound.mp3 */,
				6A8A8B2B294383B200B4451C /* water_sound.mp3 */,
			);
			path = Sounds;
			sourceTree = "<group>";
		};
		6A8A8B28294352A100B4451C /* SoundManager */ = {
			isa = PBXGroup;
			children = (
				6A8A8B2429433AB400B4451C /* SoundManager.swift */,
				6A8A8B2629433D4600B4451C /* SoundStructures.swift */,
			);
			path = SoundManager;
			sourceTree = "<group>";
		};
		6AB61B242946F1FB00EEAEE8 /* Main */ = {
			isa = PBXGroup;
			children = (
				6A13860129425FFA00615E0E /* MainViewModel.swift */,
			);
			path = Main;
			sourceTree = "<group>";
		};
		6AB61B252946F20800EEAEE8 /* SoundMix */ = {
			isa = PBXGroup;
			children = (
				6AB61B222946F1C500EEAEE8 /* ViewSoundMix.swift */,
				6AB61B202946D24600EEAEE8 /* SoundMixViewModel.swift */,
			);
			path = SoundMix;
			sourceTree = "<group>";
		};
		6AB61B2D29497A9C00EEAEE8 /* Realm */ = {
			isa = PBXGroup;
			children = (
				6AB61B2E29497AD200EEAEE8 /* SoundMix.swift */,
			);
			path = Realm;
			sourceTree = "<group>";
		};
		F317A54C5AFCD1140F124B72 /* Frameworks */ = {
			isa = PBXGroup;
			children = (
				2E553FBECA1709B25DB89D5E /* Pods_Relaxing.framework */,
			);
			name = Frameworks;
			sourceTree = "<group>";
		};
/* End PBXGroup section */

/* Begin PBXNativeTarget section */
		6A1385962942410500615E0E /* Relaxing */ = {
			isa = PBXNativeTarget;
			buildConfigurationList = 6A1385AB2942410500615E0E /* Build configuration list for PBXNativeTarget "Relaxing" */;
			buildPhases = (
				6EA7046020D76BADB07A3276 /* [CP] Check Pods Manifest.lock */,
				6A1385932942410500615E0E /* Sources */,
				6A1385942942410500615E0E /* Frameworks */,
				6A1385952942410500615E0E /* Resources */,
				B07621E42E325921FBDDB258 /* [CP] Embed Pods Frameworks */,
			);
			buildRules = (
			);
			dependencies = (
			);
			name = Relaxing;
			packageProductDependencies = (
				6A1385EE29424A7C00615E0E /* SnapKit */,
				6A1385F129424A8E00615E0E /* Then */,
				6A08C1872945E4EC0044242B /* PanModal */,
				6AB61B29294979C000EEAEE8 /* Realm */,
				6AB61B2B294979C000EEAEE8 /* RealmSwift */,
			);
			productName = Relaxing;
			productReference = 6A1385972942410500615E0E /* Relaxing.app */;
			productType = "com.apple.product-type.application";
		};
/* End PBXNativeTarget section */

/* Begin PBXProject section */
		6A13858F2942410500615E0E /* Project object */ = {
			isa = PBXProject;
			attributes = {
				BuildIndependentTargetsInParallel = 1;
				LastSwiftUpdateCheck = 1410;
				LastUpgradeCheck = 1410;
				TargetAttributes = {
					6A1385962942410500615E0E = {
						CreatedOnToolsVersion = 14.1;
					};
				};
			};
			buildConfigurationList = 6A1385922942410500615E0E /* Build configuration list for PBXProject "Relaxing" */;
			compatibilityVersion = "Xcode 14.0";
			developmentRegion = en;
			hasScannedForEncodings = 0;
			knownRegions = (
				en,
				Base,
				ko,
			);
			mainGroup = 6A13858E2942410500615E0E;
			packageReferences = (
				6A1385ED29424A7C00615E0E /* XCRemoteSwiftPackageReference "SnapKit" */,
				6A1385F029424A8E00615E0E /* XCRemoteSwiftPackageReference "Then" */,
				6A08C1862945E4EC0044242B /* XCRemoteSwiftPackageReference "PanModal" */,
				6AB61B28294979C000EEAEE8 /* XCRemoteSwiftPackageReference "realm-swift" */,
			);
			productRefGroup = 6A1385982942410500615E0E /* Products */;
			projectDirPath = "";
			projectRoot = "";
			targets = (
				6A1385962942410500615E0E /* Relaxing */,
			);
		};
/* End PBXProject section */

/* Begin PBXResourcesBuildPhase section */
		6A1385952942410500615E0E /* Resources */ = {
			isa = PBXResourcesBuildPhase;
			buildActionMask = 2147483647;
			files = (
				6A8A8B2C294383B200B4451C /* water_sound.mp3 in Resources */,
				6A1385DA2942450B00615E0E /* Poppins-ExtraLight.ttf in Resources */,
				6A1385E42942453F00615E0E /* Poppins-Bold.ttf in Resources */,
				6A4413822951B2F5001CD3DE /* Localizable.strings in Resources */,
				6A1385E9294246F800615E0E /* README.md in Resources */,
				6A1385E02942452900615E0E /* Poppins-Medium.ttf in Resources */,
				6A8A8B232943355C00B4451C /* highway_sound.mp3 in Resources */,
				6A8A8B212943306F00B4451C /* bird_sound.mp3 in Resources */,
				6A1385DC2942451400615E0E /* Poppins-Light.ttf in Resources */,
				6A1385D82942450300615E0E /* Poppins-Thin.ttf in Resources */,
				6A1385DE2942451F00615E0E /* Poppins-Regular.ttf in Resources */,
				6A1385E22942453600615E0E /* Poppins-SemiBold.ttf in Resources */,
				6A1385A72942410500615E0E /* LaunchScreen.storyboard in Resources */,
				6A1385A42942410500615E0E /* Assets.xcassets in Resources */,
			);
			runOnlyForDeploymentPostprocessing = 0;
		};
/* End PBXResourcesBuildPhase section */

/* Begin PBXShellScriptBuildPhase section */
		6EA7046020D76BADB07A3276 /* [CP] Check Pods Manifest.lock */ = {
			isa = PBXShellScriptBuildPhase;
			buildActionMask = 2147483647;
			files = (
			);
			inputFileListPaths = (
			);
			inputPaths = (
				"${PODS_PODFILE_DIR_PATH}/Podfile.lock",
				"${PODS_ROOT}/Manifest.lock",
			);
			name = "[CP] Check Pods Manifest.lock";
			outputFileListPaths = (
			);
			outputPaths = (
				"$(DERIVED_FILE_DIR)/Pods-Relaxing-checkManifestLockResult.txt",
			);
			runOnlyForDeploymentPostprocessing = 0;
			shellPath = /bin/sh;
			shellScript = "diff \"${PODS_PODFILE_DIR_PATH}/Podfile.lock\" \"${PODS_ROOT}/Manifest.lock\" > /dev/null\nif [ $? != 0 ] ; then\n    # print error to STDERR\n    echo \"error: The sandbox is not in sync with the Podfile.lock. Run 'pod install' or update your CocoaPods installation.\" >&2\n    exit 1\nfi\n# This output is used by Xcode 'outputs' to avoid re-running this script phase.\necho \"SUCCESS\" > \"${SCRIPT_OUTPUT_FILE_0}\"\n";
			showEnvVarsInLog = 0;
		};
		B07621E42E325921FBDDB258 /* [CP] Embed Pods Frameworks */ = {
			isa = PBXShellScriptBuildPhase;
			buildActionMask = 2147483647;
			files = (
			);
			inputFileListPaths = (
				"${PODS_ROOT}/Target Support Files/Pods-Relaxing/Pods-Relaxing-frameworks-${CONFIGURATION}-input-files.xcfilelist",
			);
			name = "[CP] Embed Pods Frameworks";
			outputFileListPaths = (
				"${PODS_ROOT}/Target Support Files/Pods-Relaxing/Pods-Relaxing-frameworks-${CONFIGURATION}-output-files.xcfilelist",
			);
			runOnlyForDeploymentPostprocessing = 0;
			shellPath = /bin/sh;
			shellScript = "\"${PODS_ROOT}/Target Support Files/Pods-Relaxing/Pods-Relaxing-frameworks.sh\"\n";
			showEnvVarsInLog = 0;
		};
/* End PBXShellScriptBuildPhase section */

/* Begin PBXSourcesBuildPhase section */
		6A1385932942410500615E0E /* Sources */ = {
			isa = PBXSourcesBuildPhase;
			buildActionMask = 2147483647;
			files = (
				6A4413892951DB8D001CD3DE /* ControlMenuView.swift in Sources */,
				6AB61B2F29497AD200EEAEE8 /* SoundMix.swift in Sources */,
				6A441368294A23AC001CD3DE /* MixItemCell.swift in Sources */,
				6A1385E72942464100615E0E /* UIFont+Ext.swift in Sources */,
				6A13859F2942410500615E0E /* MainViewController.swift in Sources */,
				6A44137D29514D29001CD3DE /* UIView+Ext.swift in Sources */,
				6A8A8B2729433D4600B4451C /* SoundStructures.swift in Sources */,
				6A441379294F81BB001CD3DE /* TimerManager.swift in Sources */,
				6A08C18B2945FC3D0044242B /* SoundTableCell.swift in Sources */,
				6A44138B29531CC1001CD3DE /* UIImage+Ext.swift in Sources */,
				6A13859B2942410500615E0E /* AppDelegate.swift in Sources */,
				6A08C1852945E4320044242B /* SoundMixViewController.swift in Sources */,
				6A441375294F63F2001CD3DE /* TimerPopUpViewModel.swift in Sources */,
				6A44138D29532280001CD3DE /* UIPreview+Ext.swift in Sources */,
				6A1385F429424E6500615E0E /* TabBarController.swift in Sources */,
				6A4413872951B4DF001CD3DE /* String+Ext.swift in Sources */,
				6A13860029425C8300615E0E /* ItemCell.swift in Sources */,
				6A08C1832944592B0044242B /* ControlBarView.swift in Sources */,
				6A441365294A1B66001CD3DE /* MixViewModel.swift in Sources */,
				6AB61B212946D24600EEAEE8 /* SoundMixViewModel.swift in Sources */,
				6A44137B29514947001CD3DE /* UIColor+Ext.swift in Sources */,
				6A8A8B2529433AB400B4451C /* SoundManager.swift in Sources */,
				6A13859D2942410500615E0E /* SceneDelegate.swift in Sources */,
				6A1385FD29425A2100615E0E /* SoundItemModel.swift in Sources */,
				6AB61B272947532E00EEAEE8 /* VolumeData.swift in Sources */,
				6A1385F729424FD200615E0E /* SettingViewController.swift in Sources */,
				6A1385EC294249B900615E0E /* UILabel+Ext.swift in Sources */,
				6A1385FA2942523500615E0E /* MixViewController.swift in Sources */,
				6A13860229425FFA00615E0E /* MainViewModel.swift in Sources */,
				6A441372294F3910001CD3DE /* TimerPopUpViewController.swift in Sources */,
				6A44137F2951647B001CD3DE /* CALayer+Ext.swift in Sources */,
				6AB61B232946F1C500EEAEE8 /* ViewSoundMix.swift in Sources */,
				6A44136A294A2680001CD3DE /* ViewMix.swift in Sources */,
			);
			runOnlyForDeploymentPostprocessing = 0;
		};
/* End PBXSourcesBuildPhase section */

/* Begin PBXVariantGroup section */
		6A1385A52942410500615E0E /* LaunchScreen.storyboard */ = {
			isa = PBXVariantGroup;
			children = (
				6A1385A62942410500615E0E /* Base */,
			);
			name = LaunchScreen.storyboard;
			sourceTree = "<group>";
		};
		6A4413842951B2F5001CD3DE /* Localizable.strings */ = {
			isa = PBXVariantGroup;
			children = (
				6A4413832951B2F5001CD3DE /* en */,
				6A4413852951B318001CD3DE /* ko */,
			);
			name = Localizable.strings;
			sourceTree = "<group>";
		};
/* End PBXVariantGroup section */

/* Begin XCBuildConfiguration section */
		6A1385A92942410500615E0E /* Debug */ = {
			isa = XCBuildConfiguration;
			buildSettings = {
				ALWAYS_SEARCH_USER_PATHS = NO;
				CLANG_ANALYZER_LOCALIZABILITY_NONLOCALIZED = YES;
				CLANG_ANALYZER_NONNULL = YES;
				CLANG_ANALYZER_NUMBER_OBJECT_CONVERSION = YES_AGGRESSIVE;
				CLANG_CXX_LANGUAGE_STANDARD = "gnu++20";
				CLANG_ENABLE_MODULES = YES;
				CLANG_ENABLE_OBJC_ARC = YES;
				CLANG_ENABLE_OBJC_WEAK = YES;
				CLANG_WARN_BLOCK_CAPTURE_AUTORELEASING = YES;
				CLANG_WARN_BOOL_CONVERSION = YES;
				CLANG_WARN_COMMA = YES;
				CLANG_WARN_CONSTANT_CONVERSION = YES;
				CLANG_WARN_DEPRECATED_OBJC_IMPLEMENTATIONS = YES;
				CLANG_WARN_DIRECT_OBJC_ISA_USAGE = YES_ERROR;
				CLANG_WARN_DOCUMENTATION_COMMENTS = YES;
				CLANG_WARN_EMPTY_BODY = YES;
				CLANG_WARN_ENUM_CONVERSION = YES;
				CLANG_WARN_INFINITE_RECURSION = YES;
				CLANG_WARN_INT_CONVERSION = YES;
				CLANG_WARN_NON_LITERAL_NULL_CONVERSION = YES;
				CLANG_WARN_OBJC_IMPLICIT_RETAIN_SELF = YES;
				CLANG_WARN_OBJC_LITERAL_CONVERSION = YES;
				CLANG_WARN_OBJC_ROOT_CLASS = YES_ERROR;
				CLANG_WARN_QUOTED_INCLUDE_IN_FRAMEWORK_HEADER = YES;
				CLANG_WARN_RANGE_LOOP_ANALYSIS = YES;
				CLANG_WARN_STRICT_PROTOTYPES = YES;
				CLANG_WARN_SUSPICIOUS_MOVE = YES;
				CLANG_WARN_UNGUARDED_AVAILABILITY = YES_AGGRESSIVE;
				CLANG_WARN_UNREACHABLE_CODE = YES;
				CLANG_WARN__DUPLICATE_METHOD_MATCH = YES;
				COPY_PHASE_STRIP = NO;
				DEBUG_INFORMATION_FORMAT = dwarf;
				ENABLE_STRICT_OBJC_MSGSEND = YES;
				ENABLE_TESTABILITY = YES;
				GCC_C_LANGUAGE_STANDARD = gnu11;
				GCC_DYNAMIC_NO_PIC = NO;
				GCC_NO_COMMON_BLOCKS = YES;
				GCC_OPTIMIZATION_LEVEL = 0;
				GCC_PREPROCESSOR_DEFINITIONS = (
					"DEBUG=1",
					"$(inherited)",
				);
				GCC_WARN_64_TO_32_BIT_CONVERSION = YES;
				GCC_WARN_ABOUT_RETURN_TYPE = YES_ERROR;
				GCC_WARN_UNDECLARED_SELECTOR = YES;
				GCC_WARN_UNINITIALIZED_AUTOS = YES_AGGRESSIVE;
				GCC_WARN_UNUSED_FUNCTION = YES;
				GCC_WARN_UNUSED_VARIABLE = YES;
				IPHONEOS_DEPLOYMENT_TARGET = 14.0;
				MTL_ENABLE_DEBUG_INFO = INCLUDE_SOURCE;
				MTL_FAST_MATH = YES;
				ONLY_ACTIVE_ARCH = YES;
				SDKROOT = iphoneos;
				SWIFT_ACTIVE_COMPILATION_CONDITIONS = DEBUG;
				SWIFT_OPTIMIZATION_LEVEL = "-Onone";
			};
			name = Debug;
		};
		6A1385AA2942410500615E0E /* Release */ = {
			isa = XCBuildConfiguration;
			buildSettings = {
				ALWAYS_SEARCH_USER_PATHS = NO;
				CLANG_ANALYZER_LOCALIZABILITY_NONLOCALIZED = YES;
				CLANG_ANALYZER_NONNULL = YES;
				CLANG_ANALYZER_NUMBER_OBJECT_CONVERSION = YES_AGGRESSIVE;
				CLANG_CXX_LANGUAGE_STANDARD = "gnu++20";
				CLANG_ENABLE_MODULES = YES;
				CLANG_ENABLE_OBJC_ARC = YES;
				CLANG_ENABLE_OBJC_WEAK = YES;
				CLANG_WARN_BLOCK_CAPTURE_AUTORELEASING = YES;
				CLANG_WARN_BOOL_CONVERSION = YES;
				CLANG_WARN_COMMA = YES;
				CLANG_WARN_CONSTANT_CONVERSION = YES;
				CLANG_WARN_DEPRECATED_OBJC_IMPLEMENTATIONS = YES;
				CLANG_WARN_DIRECT_OBJC_ISA_USAGE = YES_ERROR;
				CLANG_WARN_DOCUMENTATION_COMMENTS = YES;
				CLANG_WARN_EMPTY_BODY = YES;
				CLANG_WARN_ENUM_CONVERSION = YES;
				CLANG_WARN_INFINITE_RECURSION = YES;
				CLANG_WARN_INT_CONVERSION = YES;
				CLANG_WARN_NON_LITERAL_NULL_CONVERSION = YES;
				CLANG_WARN_OBJC_IMPLICIT_RETAIN_SELF = YES;
				CLANG_WARN_OBJC_LITERAL_CONVERSION = YES;
				CLANG_WARN_OBJC_ROOT_CLASS = YES_ERROR;
				CLANG_WARN_QUOTED_INCLUDE_IN_FRAMEWORK_HEADER = YES;
				CLANG_WARN_RANGE_LOOP_ANALYSIS = YES;
				CLANG_WARN_STRICT_PROTOTYPES = YES;
				CLANG_WARN_SUSPICIOUS_MOVE = YES;
				CLANG_WARN_UNGUARDED_AVAILABILITY = YES_AGGRESSIVE;
				CLANG_WARN_UNREACHABLE_CODE = YES;
				CLANG_WARN__DUPLICATE_METHOD_MATCH = YES;
				COPY_PHASE_STRIP = NO;
				DEBUG_INFORMATION_FORMAT = "dwarf-with-dsym";
				ENABLE_NS_ASSERTIONS = NO;
				ENABLE_STRICT_OBJC_MSGSEND = YES;
				GCC_C_LANGUAGE_STANDARD = gnu11;
				GCC_NO_COMMON_BLOCKS = YES;
				GCC_WARN_64_TO_32_BIT_CONVERSION = YES;
				GCC_WARN_ABOUT_RETURN_TYPE = YES_ERROR;
				GCC_WARN_UNDECLARED_SELECTOR = YES;
				GCC_WARN_UNINITIALIZED_AUTOS = YES_AGGRESSIVE;
				GCC_WARN_UNUSED_FUNCTION = YES;
				GCC_WARN_UNUSED_VARIABLE = YES;
				IPHONEOS_DEPLOYMENT_TARGET = 14.0;
				MTL_ENABLE_DEBUG_INFO = NO;
				MTL_FAST_MATH = YES;
				SDKROOT = iphoneos;
				SWIFT_COMPILATION_MODE = wholemodule;
				SWIFT_OPTIMIZATION_LEVEL = "-O";
				VALIDATE_PRODUCT = YES;
			};
			name = Release;
		};
		6A1385AC2942410500615E0E /* Debug */ = {
			isa = XCBuildConfiguration;
			baseConfigurationReference = 9E4B3616D671C9123632A666 /* Pods-Relaxing.debug.xcconfig */;
			buildSettings = {
				ASSETCATALOG_COMPILER_APPICON_NAME = AppIcon;
				ASSETCATALOG_COMPILER_GLOBAL_ACCENT_COLOR_NAME = AccentColor;
				CODE_SIGN_STYLE = Automatic;
				CURRENT_PROJECT_VERSION = 1;
				DEVELOPMENT_TEAM = 34JS69S5XZ;
				GENERATE_INFOPLIST_FILE = YES;
				INFOPLIST_FILE = Relaxing/Info.plist;
				INFOPLIST_KEY_UIApplicationSupportsIndirectInputEvents = YES;
				INFOPLIST_KEY_UILaunchStoryboardName = LaunchScreen;
				INFOPLIST_KEY_UISupportedInterfaceOrientations_iPad = "UIInterfaceOrientationPortrait UIInterfaceOrientationPortraitUpsideDown UIInterfaceOrientationLandscapeLeft UIInterfaceOrientationLandscapeRight";
				INFOPLIST_KEY_UISupportedInterfaceOrientations_iPhone = "UIInterfaceOrientationPortrait UIInterfaceOrientationLandscapeLeft UIInterfaceOrientationLandscapeRight";
				LD_RUNPATH_SEARCH_PATHS = (
					"$(inherited)",
					"@executable_path/Frameworks",
				);
				MARKETING_VERSION = 1.0;
				PRODUCT_BUNDLE_IDENTIFIER = ekko.Relaxing;
				PRODUCT_NAME = "$(TARGET_NAME)";
				SWIFT_EMIT_LOC_STRINGS = YES;
				SWIFT_VERSION = 5.0;
				TARGETED_DEVICE_FAMILY = "1,2";
			};
			name = Debug;
		};
		6A1385AD2942410500615E0E /* Release */ = {
			isa = XCBuildConfiguration;
			baseConfigurationReference = D18381B17A208381DBEDAE5F /* Pods-Relaxing.release.xcconfig */;
			buildSettings = {
				ASSETCATALOG_COMPILER_APPICON_NAME = AppIcon;
				ASSETCATALOG_COMPILER_GLOBAL_ACCENT_COLOR_NAME = AccentColor;
				CODE_SIGN_STYLE = Automatic;
				CURRENT_PROJECT_VERSION = 1;
				DEVELOPMENT_TEAM = 34JS69S5XZ;
				GENERATE_INFOPLIST_FILE = YES;
				INFOPLIST_FILE = Relaxing/Info.plist;
				INFOPLIST_KEY_UIApplicationSupportsIndirectInputEvents = YES;
				INFOPLIST_KEY_UILaunchStoryboardName = LaunchScreen;
				INFOPLIST_KEY_UISupportedInterfaceOrientations_iPad = "UIInterfaceOrientationPortrait UIInterfaceOrientationPortraitUpsideDown UIInterfaceOrientationLandscapeLeft UIInterfaceOrientationLandscapeRight";
				INFOPLIST_KEY_UISupportedInterfaceOrientations_iPhone = "UIInterfaceOrientationPortrait UIInterfaceOrientationLandscapeLeft UIInterfaceOrientationLandscapeRight";
				LD_RUNPATH_SEARCH_PATHS = (
					"$(inherited)",
					"@executable_path/Frameworks",
				);
				MARKETING_VERSION = 1.0;
				PRODUCT_BUNDLE_IDENTIFIER = ekko.Relaxing;
				PRODUCT_NAME = "$(TARGET_NAME)";
				SWIFT_EMIT_LOC_STRINGS = YES;
				SWIFT_VERSION = 5.0;
				TARGETED_DEVICE_FAMILY = "1,2";
			};
			name = Release;
		};
/* End XCBuildConfiguration section */

/* Begin XCConfigurationList section */
		6A1385922942410500615E0E /* Build configuration list for PBXProject "Relaxing" */ = {
			isa = XCConfigurationList;
			buildConfigurations = (
				6A1385A92942410500615E0E /* Debug */,
				6A1385AA2942410500615E0E /* Release */,
			);
			defaultConfigurationIsVisible = 0;
			defaultConfigurationName = Release;
		};
		6A1385AB2942410500615E0E /* Build configuration list for PBXNativeTarget "Relaxing" */ = {
			isa = XCConfigurationList;
			buildConfigurations = (
				6A1385AC2942410500615E0E /* Debug */,
				6A1385AD2942410500615E0E /* Release */,
			);
			defaultConfigurationIsVisible = 0;
			defaultConfigurationName = Release;
		};
/* End XCConfigurationList section */

/* Begin XCRemoteSwiftPackageReference section */
		6A08C1862945E4EC0044242B /* XCRemoteSwiftPackageReference "PanModal" */ = {
			isa = XCRemoteSwiftPackageReference;
			repositoryURL = "https://github.com/slackhq/PanModal.git";
			requirement = {
				kind = upToNextMajorVersion;
				minimumVersion = 1.0.0;
			};
		};
		6A1385ED29424A7C00615E0E /* XCRemoteSwiftPackageReference "SnapKit" */ = {
			isa = XCRemoteSwiftPackageReference;
			repositoryURL = "https://github.com/SnapKit/SnapKit";
			requirement = {
				kind = upToNextMajorVersion;
				minimumVersion = 5.0.0;
			};
		};
		6A1385F029424A8E00615E0E /* XCRemoteSwiftPackageReference "Then" */ = {
			isa = XCRemoteSwiftPackageReference;
			repositoryURL = "https://github.com/devxoul/Then";
			requirement = {
				branch = master;
				kind = branch;
			};
		};
		6AB61B28294979C000EEAEE8 /* XCRemoteSwiftPackageReference "realm-swift" */ = {
			isa = XCRemoteSwiftPackageReference;
			repositoryURL = "https://github.com/realm/realm-swift.git";
			requirement = {
				branch = master;
				kind = branch;
			};
		};
/* End XCRemoteSwiftPackageReference section */

/* Begin XCSwiftPackageProductDependency section */
		6A08C1872945E4EC0044242B /* PanModal */ = {
			isa = XCSwiftPackageProductDependency;
			package = 6A08C1862945E4EC0044242B /* XCRemoteSwiftPackageReference "PanModal" */;
			productName = PanModal;
		};
		6A1385EE29424A7C00615E0E /* SnapKit */ = {
			isa = XCSwiftPackageProductDependency;
			package = 6A1385ED29424A7C00615E0E /* XCRemoteSwiftPackageReference "SnapKit" */;
			productName = SnapKit;
		};
		6A1385F129424A8E00615E0E /* Then */ = {
			isa = XCSwiftPackageProductDependency;
			package = 6A1385F029424A8E00615E0E /* XCRemoteSwiftPackageReference "Then" */;
			productName = Then;
		};
		6AB61B29294979C000EEAEE8 /* Realm */ = {
			isa = XCSwiftPackageProductDependency;
			package = 6AB61B28294979C000EEAEE8 /* XCRemoteSwiftPackageReference "realm-swift" */;
			productName = Realm;
		};
		6AB61B2B294979C000EEAEE8 /* RealmSwift */ = {
			isa = XCSwiftPackageProductDependency;
			package = 6AB61B28294979C000EEAEE8 /* XCRemoteSwiftPackageReference "realm-swift" */;
			productName = RealmSwift;
		};
/* End XCSwiftPackageProductDependency section */
	};
	rootObject = 6A13858F2942410500615E0E /* Project object */;
}
